PODS:
  - InputBarAccessoryView (5.2.1):
    - InputBarAccessoryView/Core (= 5.2.1)
  - InputBarAccessoryView/Core (5.2.1)
  - MessageKit (3.4.2):
    - InputBarAccessoryView (~> 5.2.1)
  - PromiseKit (6.13.1):
    - PromiseKit/CorePromise (= 6.13.1)
    - PromiseKit/Foundation (= 6.13.1)
    - PromiseKit/UIKit (= 6.13.1)
  - PromiseKit/CorePromise (6.13.1)
  - PromiseKit/Foundation (6.13.1):
    - PromiseKit/CorePromise
  - PromiseKit/UIKit (6.13.1):
    - PromiseKit/CorePromise

DEPENDENCIES:
  - MessageKit
  - PromiseKit (~> 6.8)

SPEC REPOS:
  trunk:
    - InputBarAccessoryView
    - MessageKit
    - PromiseKit

SPEC CHECKSUMS:
  InputBarAccessoryView: 39a7ed22727baf3b8550ecdf6c8a4d28b2c6aa91
  MessageKit: 5ff0908bce5a7b6e11bd0b60e13a33e03697d161
  PromiseKit: 28fda91c973cc377875d8c0ea4f973013c05b6db

PODFILE CHECKSUM: 4d64ed5ae0a9d59a3525d1be376b49d87f0928f2

COCOAPODS: 1.9.3
